
Microsoft Visual Studio Solution File, Format Version 12.00
# Visual Studio Version 16
VisualStudioVersion = 16.0.29306.81
MinimumVisualStudioVersion = 10.0.40219.1
Project("{FAE04EC0-301F-11D3-BF4B-00C04F79EFBC}") = "ALNS_GVRPTW", "ALNS_GVRPTW\ALNS_GVRPTW.csproj", "{2F0FF243-3DC4-4A73-B6CD-519319666983}"
EndProject
Global
	GlobalSection(SolutionConfigurationPlatforms) = preSolution
		Debug|Any CPU = Debug|Any CPU
		Release|Any CPU = Release|Any CPU
	EndGlobalSection
	GlobalSection(ProjectConfigurationPlatforms) = postSolution
		{2F0FF243-3DC4-4A73-B6CD-519319666983}.Debug|Any CPU.ActiveCfg = Debug|Any CPU
		{2F0FF243-3DC4-4A73-B6CD-519319666983}.Debug|Any CPU.Build.0 = Debug|Any CPU
		{2F0FF243-3DC4-4A73-B6CD-519319666983}.Release|Any CPU.ActiveCfg = Release|Any CPU
		{2F0FF243-3DC4-4A73-B6CD-519319666983}.Release|Any CPU.Build.0 = Release|Any CPU
	EndGlobalSection
	GlobalSection(SolutionProperties) = preSolution
		HideSolutionNode = FALSE
	EndGlobalSection
	GlobalSection(ExtensibilityGlobals) = postSolution
		SolutionGuid = {DF298948-55C9-4674-B98E-C8FE8F37FCEC}
	EndGlobalSection
EndGlobal
